
Microsoft Visual Studio Solution File, Format Version 12.00
# Visual Studio Version 17
VisualStudioVersion = 17.11.35219.272
MinimumVisualStudioVersion = 10.0.40219.1
Project("{9A19103F-16F7-4668-BE54-9A1E7A4F7556}") = "Medicinery", "Medicinery\Medicinery.csproj", "{F079993A-9378-42B0-A45E-8338C43AE2BF}"
EndProject
Global
	GlobalSection(SolutionConfigurationPlatforms) = preSolution
		Debug|Any CPU = Debug|Any CPU
		Release|Any CPU = Release|Any CPU
	EndGlobalSection
	GlobalSection(ProjectConfigurationPlatforms) = postSolution
		{F079993A-9378-42B0-A45E-8338C43AE2BF}.Debug|Any CPU.ActiveCfg = Debug|Any CPU
		{F079993A-9378-42B0-A45E-8338C43AE2BF}.Debug|Any CPU.Build.0 = Debug|Any CPU
		{F079993A-9378-42B0-A45E-8338C43AE2BF}.Debug|Any CPU.Deploy.0 = Debug|Any CPU
		{F079993A-9378-42B0-A45E-8338C43AE2BF}.Release|Any CPU.ActiveCfg = Release|Any CPU
		{F079993A-9378-42B0-A45E-8338C43AE2BF}.Release|Any CPU.Build.0 = Release|Any CPU
		{F079993A-9378-42B0-A45E-8338C43AE2BF}.Release|Any CPU.Deploy.0 = Release|Any CPU
	EndGlobalSection
	GlobalSection(SolutionProperties) = preSolution
		HideSolutionNode = FALSE
	EndGlobalSection
	GlobalSection(ExtensibilityGlobals) = postSolution
		SolutionGuid = {3F399950-E0C6-463D-9CB1-86972147C936}
	EndGlobalSection
EndGlobal
